
Microsoft Visual Studio Solution File, Format Version 12.00
# Visual Studio Version 16
VisualStudioVersion = 16.0.28803.352
MinimumVisualStudioVersion = 10.0.40219.1
Project("{9A19103F-16F7-4668-BE54-9A1E7A4F7556}") = "VetPlatform.Api", "VetPlatform\VetPlatform.Api.csproj", "{A7ABA731-D434-4474-8B29-2E59EEDFBFDA}"
EndProject
Project("{9A19103F-16F7-4668-BE54-9A1E7A4F7556}") = "VetPlatform.Data", "VetPlatform.Data\VetPlatform.Data.csproj", "{BC1F2854-975F-4569-8882-D234AA64454A}"
EndProject
Project("{E24C65DC-7377-472B-9ABA-BC803B73C61A}") = "VetPlatform.UI", "VetPlatform.UI\", "{F881BE5F-6F99-435D-BE1E-3BE590753110}"
	ProjectSection(WebsiteProperties) = preProject
		TargetFrameworkMoniker = ".NETFramework,Version%3Dv4.5"
		Debug.AspNetCompiler.VirtualPath = "/localhost_59577"
		Debug.AspNetCompiler.PhysicalPath = "VetPlatform.UI\"
		Debug.AspNetCompiler.TargetPath = "PrecompiledWeb\localhost_59577\"
		Debug.AspNetCompiler.Updateable = "true"
		Debug.AspNetCompiler.ForceOverwrite = "true"
		Debug.AspNetCompiler.FixedNames = "false"
		Debug.AspNetCompiler.Debug = "True"
		Release.AspNetCompiler.VirtualPath = "/localhost_59577"
		Release.AspNetCompiler.PhysicalPath = "VetPlatform.UI\"
		Release.AspNetCompiler.TargetPath = "PrecompiledWeb\localhost_59577\"
		Release.AspNetCompiler.Updateable = "true"
		Release.AspNetCompiler.ForceOverwrite = "true"
		Release.AspNetCompiler.FixedNames = "false"
		Release.AspNetCompiler.Debug = "False"
		VWDPort = "59577"
		SlnRelativePath = "VetPlatform.UI\"
	EndProjectSection
EndProject
Project("{9A19103F-16F7-4668-BE54-9A1E7A4F7556}") = "VetPlatform.Auth", "VetPlatform.Auth\VetPlatform.Auth.csproj", "{355F44F4-A34B-44BA-9D69-7088EF4346E0}"
EndProject
Project("{FAE04EC0-301F-11D3-BF4B-00C04F79EFBC}") = "VetPlatform.Store", "VetPlatform.Store\VetPlatform.Store.csproj", "{C84EAEA7-3A39-45D2-A63D-BDF9BDD90342}"
EndProject
Global
	GlobalSection(SolutionConfigurationPlatforms) = preSolution
		Debug|Any CPU = Debug|Any CPU
		Release|Any CPU = Release|Any CPU
	EndGlobalSection
	GlobalSection(ProjectConfigurationPlatforms) = postSolution
		{A7ABA731-D434-4474-8B29-2E59EEDFBFDA}.Debug|Any CPU.ActiveCfg = Debug|Any CPU
		{A7ABA731-D434-4474-8B29-2E59EEDFBFDA}.Debug|Any CPU.Build.0 = Debug|Any CPU
		{A7ABA731-D434-4474-8B29-2E59EEDFBFDA}.Release|Any CPU.ActiveCfg = Release|Any CPU
		{A7ABA731-D434-4474-8B29-2E59EEDFBFDA}.Release|Any CPU.Build.0 = Release|Any CPU
		{BC1F2854-975F-4569-8882-D234AA64454A}.Debug|Any CPU.ActiveCfg = Debug|Any CPU
		{BC1F2854-975F-4569-8882-D234AA64454A}.Debug|Any CPU.Build.0 = Debug|Any CPU
		{BC1F2854-975F-4569-8882-D234AA64454A}.Release|Any CPU.ActiveCfg = Release|Any CPU
		{BC1F2854-975F-4569-8882-D234AA64454A}.Release|Any CPU.Build.0 = Release|Any CPU
		{F881BE5F-6F99-435D-BE1E-3BE590753110}.Debug|Any CPU.ActiveCfg = Debug|Any CPU
		{F881BE5F-6F99-435D-BE1E-3BE590753110}.Release|Any CPU.ActiveCfg = Debug|Any CPU
		{F881BE5F-6F99-435D-BE1E-3BE590753110}.Release|Any CPU.Build.0 = Debug|Any CPU
		{355F44F4-A34B-44BA-9D69-7088EF4346E0}.Debug|Any CPU.ActiveCfg = Debug|Any CPU
		{355F44F4-A34B-44BA-9D69-7088EF4346E0}.Debug|Any CPU.Build.0 = Debug|Any CPU
		{355F44F4-A34B-44BA-9D69-7088EF4346E0}.Release|Any CPU.ActiveCfg = Release|Any CPU
		{355F44F4-A34B-44BA-9D69-7088EF4346E0}.Release|Any CPU.Build.0 = Release|Any CPU
		{C84EAEA7-3A39-45D2-A63D-BDF9BDD90342}.Debug|Any CPU.ActiveCfg = Debug|Any CPU
		{C84EAEA7-3A39-45D2-A63D-BDF9BDD90342}.Debug|Any CPU.Build.0 = Debug|Any CPU
		{C84EAEA7-3A39-45D2-A63D-BDF9BDD90342}.Release|Any CPU.ActiveCfg = Release|Any CPU
		{C84EAEA7-3A39-45D2-A63D-BDF9BDD90342}.Release|Any CPU.Build.0 = Release|Any CPU
	EndGlobalSection
	GlobalSection(SolutionProperties) = preSolution
		HideSolutionNode = FALSE
	EndGlobalSection
	GlobalSection(ExtensibilityGlobals) = postSolution
		SolutionGuid = {7A80C3A9-8B44-4BA0-9757-19E389328CC0}
	EndGlobalSection
EndGlobal
